
Microsoft Visual Studio Solution File, Format Version 12.00
# Visual Studio Version 17
VisualStudioVersion = 17.6.33815.320
MinimumVisualStudioVersion = 10.0.40219.1
Project("{FAE04EC0-301F-11D3-BF4B-00C04F79EFBC}") = "Malovani", "Malovani\Malovani.csproj", "{D73598E5-7931-4B55-814D-975300B36A93}"
EndProject
Global
	GlobalSection(SolutionConfigurationPlatforms) = preSolution
		Debug|Any CPU = Debug|Any CPU
		Release|Any CPU = Release|Any CPU
	EndGlobalSection
	GlobalSection(ProjectConfigurationPlatforms) = postSolution
		{D73598E5-7931-4B55-814D-975300B36A93}.Debug|Any CPU.ActiveCfg = Debug|Any CPU
		{D73598E5-7931-4B55-814D-975300B36A93}.Debug|Any CPU.Build.0 = Debug|Any CPU
		{D73598E5-7931-4B55-814D-975300B36A93}.Release|Any CPU.ActiveCfg = Release|Any CPU
		{D73598E5-7931-4B55-814D-975300B36A93}.Release|Any CPU.Build.0 = Release|Any CPU
	EndGlobalSection
	GlobalSection(SolutionProperties) = preSolution
		HideSolutionNode = FALSE
	EndGlobalSection
	GlobalSection(ExtensibilityGlobals) = postSolution
		SolutionGuid = {BFF2FA71-D11F-4D31-AAC8-87011011AEF5}
	EndGlobalSection
EndGlobal
