
Microsoft Visual Studio Solution File, Format Version 12.00
# Visual Studio Version 17
VisualStudioVersion = 17.7.34024.191
MinimumVisualStudioVersion = 10.0.40219.1
Project("{FAE04EC0-301F-11D3-BF4B-00C04F79EFBC}") = "Malovani", "Malovani\Malovani.csproj", "{9457B7EC-6785-4C23-A27C-DB823FF2D859}"
EndProject
Global
	GlobalSection(SolutionConfigurationPlatforms) = preSolution
		Debug|Any CPU = Debug|Any CPU
		Release|Any CPU = Release|Any CPU
	EndGlobalSection
	GlobalSection(ProjectConfigurationPlatforms) = postSolution
		{9457B7EC-6785-4C23-A27C-DB823FF2D859}.Debug|Any CPU.ActiveCfg = Debug|Any CPU
		{9457B7EC-6785-4C23-A27C-DB823FF2D859}.Debug|Any CPU.Build.0 = Debug|Any CPU
		{9457B7EC-6785-4C23-A27C-DB823FF2D859}.Release|Any CPU.ActiveCfg = Release|Any CPU
		{9457B7EC-6785-4C23-A27C-DB823FF2D859}.Release|Any CPU.Build.0 = Release|Any CPU
	EndGlobalSection
	GlobalSection(SolutionProperties) = preSolution
		HideSolutionNode = FALSE
	EndGlobalSection
	GlobalSection(ExtensibilityGlobals) = postSolution
		SolutionGuid = {2AE97D38-6C3C-4E73-A333-2DF79196485A}
	EndGlobalSection
EndGlobal
