
Microsoft Visual Studio Solution File, Format Version 12.00
# Visual Studio Version 17
VisualStudioVersion = 17.7.34024.191
MinimumVisualStudioVersion = 10.0.40219.1
Project("{FAE04EC0-301F-11D3-BF4B-00C04F79EFBC}") = "2DArrayHomework", "2DArrayHomework\2DArrayHomework.csproj", "{5B886A87-C971-4C65-977F-D27E55629EAF}"
EndProject
Global
	GlobalSection(SolutionConfigurationPlatforms) = preSolution
		Debug|Any CPU = Debug|Any CPU
		Release|Any CPU = Release|Any CPU
	EndGlobalSection
	GlobalSection(ProjectConfigurationPlatforms) = postSolution
		{5B886A87-C971-4C65-977F-D27E55629EAF}.Debug|Any CPU.ActiveCfg = Debug|Any CPU
		{5B886A87-C971-4C65-977F-D27E55629EAF}.Debug|Any CPU.Build.0 = Debug|Any CPU
		{5B886A87-C971-4C65-977F-D27E55629EAF}.Release|Any CPU.ActiveCfg = Release|Any CPU
		{5B886A87-C971-4C65-977F-D27E55629EAF}.Release|Any CPU.Build.0 = Release|Any CPU
	EndGlobalSection
	GlobalSection(SolutionProperties) = preSolution
		HideSolutionNode = FALSE
	EndGlobalSection
	GlobalSection(ExtensibilityGlobals) = postSolution
		SolutionGuid = {31071D78-4FB0-4BDE-834D-5A6C1E45B999}
	EndGlobalSection
EndGlobal
