
Microsoft Visual Studio Solution File, Format Version 12.00
# Visual Studio Version 17
VisualStudioVersion = 17.7.34024.191
MinimumVisualStudioVersion = 10.0.40219.1
Project("{FAE04EC0-301F-11D3-BF4B-00C04F79EFBC}") = "Maturita", "Maturita\Maturita.csproj", "{8AD4A142-CE01-443D-8E48-A84F93879413}"
EndProject
Global
	GlobalSection(SolutionConfigurationPlatforms) = preSolution
		Debug|Any CPU = Debug|Any CPU
		Release|Any CPU = Release|Any CPU
	EndGlobalSection
	GlobalSection(ProjectConfigurationPlatforms) = postSolution
		{8AD4A142-CE01-443D-8E48-A84F93879413}.Debug|Any CPU.ActiveCfg = Debug|Any CPU
		{8AD4A142-CE01-443D-8E48-A84F93879413}.Debug|Any CPU.Build.0 = Debug|Any CPU
		{8AD4A142-CE01-443D-8E48-A84F93879413}.Release|Any CPU.ActiveCfg = Release|Any CPU
		{8AD4A142-CE01-443D-8E48-A84F93879413}.Release|Any CPU.Build.0 = Release|Any CPU
	EndGlobalSection
	GlobalSection(SolutionProperties) = preSolution
		HideSolutionNode = FALSE
	EndGlobalSection
	GlobalSection(ExtensibilityGlobals) = postSolution
		SolutionGuid = {03273DE0-3C1B-4FFD-93A1-9B2E6E3B508C}
	EndGlobalSection
EndGlobal
