
Microsoft Visual Studio Solution File, Format Version 12.00
# Visual Studio Version 17
VisualStudioVersion = 17.7.34024.191
MinimumVisualStudioVersion = 10.0.40219.1
Project("{FAE04EC0-301F-11D3-BF4B-00C04F79EFBC}") = "Drawing", "Drawing\Drawing.csproj", "{0AD4B847-5E5E-4965-AA89-68CF38B618DF}"
EndProject
Global
	GlobalSection(SolutionConfigurationPlatforms) = preSolution
		Debug|Any CPU = Debug|Any CPU
		Release|Any CPU = Release|Any CPU
	EndGlobalSection
	GlobalSection(ProjectConfigurationPlatforms) = postSolution
		{0AD4B847-5E5E-4965-AA89-68CF38B618DF}.Debug|Any CPU.ActiveCfg = Debug|Any CPU
		{0AD4B847-5E5E-4965-AA89-68CF38B618DF}.Debug|Any CPU.Build.0 = Debug|Any CPU
		{0AD4B847-5E5E-4965-AA89-68CF38B618DF}.Release|Any CPU.ActiveCfg = Release|Any CPU
		{0AD4B847-5E5E-4965-AA89-68CF38B618DF}.Release|Any CPU.Build.0 = Release|Any CPU
	EndGlobalSection
	GlobalSection(SolutionProperties) = preSolution
		HideSolutionNode = FALSE
	EndGlobalSection
	GlobalSection(ExtensibilityGlobals) = postSolution
		SolutionGuid = {588BE2FE-9060-48EC-8C22-AB5DB0309A76}
	EndGlobalSection
EndGlobal
