
Microsoft Visual Studio Solution File, Format Version 12.00
# Visual Studio Version 17
VisualStudioVersion = 17.6.33815.320
MinimumVisualStudioVersion = 10.0.40219.1
Project("{FAE04EC0-301F-11D3-BF4B-00C04F79EFBC}") = "PaintProgram", "PaintProgram\PaintProgram.csproj", "{D69E05D7-C177-4F7F-A058-FAC12E827EC0}"
EndProject
Global
	GlobalSection(SolutionConfigurationPlatforms) = preSolution
		Debug|Any CPU = Debug|Any CPU
		Release|Any CPU = Release|Any CPU
	EndGlobalSection
	GlobalSection(ProjectConfigurationPlatforms) = postSolution
		{D69E05D7-C177-4F7F-A058-FAC12E827EC0}.Debug|Any CPU.ActiveCfg = Debug|Any CPU
		{D69E05D7-C177-4F7F-A058-FAC12E827EC0}.Debug|Any CPU.Build.0 = Debug|Any CPU
		{D69E05D7-C177-4F7F-A058-FAC12E827EC0}.Release|Any CPU.ActiveCfg = Release|Any CPU
		{D69E05D7-C177-4F7F-A058-FAC12E827EC0}.Release|Any CPU.Build.0 = Release|Any CPU
	EndGlobalSection
	GlobalSection(SolutionProperties) = preSolution
		HideSolutionNode = FALSE
	EndGlobalSection
	GlobalSection(ExtensibilityGlobals) = postSolution
		SolutionGuid = {BFF82EF8-5DD9-4305-8D4C-A235774D7A50}
	EndGlobalSection
EndGlobal
